
Microsoft Visual Studio Solution File, Format Version 12.00
# Visual Studio Version 16
VisualStudioVersion = 16.0.30517.126
MinimumVisualStudioVersion = 10.0.40219.1
Project("{FAE04EC0-301F-11D3-BF4B-00C04F79EFBC}") = "Ex04Cond", "Ex04Cond\Ex04Cond.csproj", "{AA58E152-2971-455B-96A6-A8684D56F1BD}"
EndProject
Global
	GlobalSection(SolutionConfigurationPlatforms) = preSolution
		Debug|Any CPU = Debug|Any CPU
		Release|Any CPU = Release|Any CPU
	EndGlobalSection
	GlobalSection(ProjectConfigurationPlatforms) = postSolution
		{AA58E152-2971-455B-96A6-A8684D56F1BD}.Debug|Any CPU.ActiveCfg = Debug|Any CPU
		{AA58E152-2971-455B-96A6-A8684D56F1BD}.Debug|Any CPU.Build.0 = Debug|Any CPU
		{AA58E152-2971-455B-96A6-A8684D56F1BD}.Release|Any CPU.ActiveCfg = Release|Any CPU
		{AA58E152-2971-455B-96A6-A8684D56F1BD}.Release|Any CPU.Build.0 = Release|Any CPU
	EndGlobalSection
	GlobalSection(SolutionProperties) = preSolution
		HideSolutionNode = FALSE
	EndGlobalSection
	GlobalSection(ExtensibilityGlobals) = postSolution
		SolutionGuid = {C19E0FC9-3157-4BEB-A654-39ECE298DEC8}
	EndGlobalSection
EndGlobal
