
Microsoft Visual Studio Solution File, Format Version 12.00
# Visual Studio Version 16
VisualStudioVersion = 16.0.30517.126
MinimumVisualStudioVersion = 10.0.40219.1
Project("{FAE04EC0-301F-11D3-BF4B-00C04F79EFBC}") = "FileAndFileInfo", "FileAndFileInfo\FileAndFileInfo.csproj", "{D391DEC0-9C1C-4909-8E6A-DA8E790E8A0D}"
EndProject
Global
	GlobalSection(SolutionConfigurationPlatforms) = preSolution
		Debug|Any CPU = Debug|Any CPU
		Release|Any CPU = Release|Any CPU
	EndGlobalSection
	GlobalSection(ProjectConfigurationPlatforms) = postSolution
		{D391DEC0-9C1C-4909-8E6A-DA8E790E8A0D}.Debug|Any CPU.ActiveCfg = Debug|Any CPU
		{D391DEC0-9C1C-4909-8E6A-DA8E790E8A0D}.Debug|Any CPU.Build.0 = Debug|Any CPU
		{D391DEC0-9C1C-4909-8E6A-DA8E790E8A0D}.Release|Any CPU.ActiveCfg = Release|Any CPU
		{D391DEC0-9C1C-4909-8E6A-DA8E790E8A0D}.Release|Any CPU.Build.0 = Release|Any CPU
	EndGlobalSection
	GlobalSection(SolutionProperties) = preSolution
		HideSolutionNode = FALSE
	EndGlobalSection
	GlobalSection(ExtensibilityGlobals) = postSolution
		SolutionGuid = {EEF9D622-BDBD-4D51-B6E8-DA72F82DFE8E}
	EndGlobalSection
EndGlobal
