
Microsoft Visual Studio Solution File, Format Version 12.00
# Visual Studio Version 16
VisualStudioVersion = 16.0.30517.126
MinimumVisualStudioVersion = 10.0.40219.1
Project("{FAE04EC0-301F-11D3-BF4B-00C04F79EFBC}") = "ExDescontos", "ExDescontos\ExDescontos.csproj", "{B7E72425-4900-4831-B9F4-DDFA3EC63162}"
EndProject
Global
	GlobalSection(SolutionConfigurationPlatforms) = preSolution
		Debug|Any CPU = Debug|Any CPU
		Release|Any CPU = Release|Any CPU
	EndGlobalSection
	GlobalSection(ProjectConfigurationPlatforms) = postSolution
		{B7E72425-4900-4831-B9F4-DDFA3EC63162}.Debug|Any CPU.ActiveCfg = Debug|Any CPU
		{B7E72425-4900-4831-B9F4-DDFA3EC63162}.Debug|Any CPU.Build.0 = Debug|Any CPU
		{B7E72425-4900-4831-B9F4-DDFA3EC63162}.Release|Any CPU.ActiveCfg = Release|Any CPU
		{B7E72425-4900-4831-B9F4-DDFA3EC63162}.Release|Any CPU.Build.0 = Release|Any CPU
	EndGlobalSection
	GlobalSection(SolutionProperties) = preSolution
		HideSolutionNode = FALSE
	EndGlobalSection
	GlobalSection(ExtensibilityGlobals) = postSolution
		SolutionGuid = {46D04309-074E-4EAB-94F6-8C8B9838790C}
	EndGlobalSection
EndGlobal
