
Microsoft Visual Studio Solution File, Format Version 12.00
# Visual Studio Version 16
VisualStudioVersion = 16.0.30517.126
MinimumVisualStudioVersion = 10.0.40219.1
Project("{FAE04EC0-301F-11D3-BF4B-00C04F79EFBC}") = "ExLINQ", "ExLINQ\ExLINQ.csproj", "{999EBB5B-992C-440C-A72E-BD7470A7103B}"
EndProject
Global
	GlobalSection(SolutionConfigurationPlatforms) = preSolution
		Debug|Any CPU = Debug|Any CPU
		Release|Any CPU = Release|Any CPU
	EndGlobalSection
	GlobalSection(ProjectConfigurationPlatforms) = postSolution
		{999EBB5B-992C-440C-A72E-BD7470A7103B}.Debug|Any CPU.ActiveCfg = Debug|Any CPU
		{999EBB5B-992C-440C-A72E-BD7470A7103B}.Debug|Any CPU.Build.0 = Debug|Any CPU
		{999EBB5B-992C-440C-A72E-BD7470A7103B}.Release|Any CPU.ActiveCfg = Release|Any CPU
		{999EBB5B-992C-440C-A72E-BD7470A7103B}.Release|Any CPU.Build.0 = Release|Any CPU
	EndGlobalSection
	GlobalSection(SolutionProperties) = preSolution
		HideSolutionNode = FALSE
	EndGlobalSection
	GlobalSection(ExtensibilityGlobals) = postSolution
		SolutionGuid = {2AE09802-422C-4A17-AD86-94778583FBAB}
	EndGlobalSection
EndGlobal
