
Microsoft Visual Studio Solution File, Format Version 12.00
# Visual Studio Version 16
VisualStudioVersion = 16.0.30517.126
MinimumVisualStudioVersion = 10.0.40219.1
Project("{FAE04EC0-301F-11D3-BF4B-00C04F79EFBC}") = "ExStaticMembers", "ExStaticMembers\ExStaticMembers.csproj", "{BBA7AF32-B96D-4A42-917B-4D2A3AAD423D}"
EndProject
Global
	GlobalSection(SolutionConfigurationPlatforms) = preSolution
		Debug|Any CPU = Debug|Any CPU
		Release|Any CPU = Release|Any CPU
	EndGlobalSection
	GlobalSection(ProjectConfigurationPlatforms) = postSolution
		{BBA7AF32-B96D-4A42-917B-4D2A3AAD423D}.Debug|Any CPU.ActiveCfg = Debug|Any CPU
		{BBA7AF32-B96D-4A42-917B-4D2A3AAD423D}.Debug|Any CPU.Build.0 = Debug|Any CPU
		{BBA7AF32-B96D-4A42-917B-4D2A3AAD423D}.Release|Any CPU.ActiveCfg = Release|Any CPU
		{BBA7AF32-B96D-4A42-917B-4D2A3AAD423D}.Release|Any CPU.Build.0 = Release|Any CPU
	EndGlobalSection
	GlobalSection(SolutionProperties) = preSolution
		HideSolutionNode = FALSE
	EndGlobalSection
	GlobalSection(ExtensibilityGlobals) = postSolution
		SolutionGuid = {CBDE375E-9A32-4771-A34C-9EBE192E8EF1}
	EndGlobalSection
EndGlobal
