
Microsoft Visual Studio Solution File, Format Version 12.00
# Visual Studio Version 16
VisualStudioVersion = 16.0.30517.126
MinimumVisualStudioVersion = 10.0.40219.1
Project("{FAE04EC0-301F-11D3-BF4B-00C04F79EFBC}") = "ClassAluno", "ClassAluno\ClassAluno.csproj", "{DE89194E-AE5C-4386-A235-53731CA37C6B}"
EndProject
Global
	GlobalSection(SolutionConfigurationPlatforms) = preSolution
		Debug|Any CPU = Debug|Any CPU
		Release|Any CPU = Release|Any CPU
	EndGlobalSection
	GlobalSection(ProjectConfigurationPlatforms) = postSolution
		{DE89194E-AE5C-4386-A235-53731CA37C6B}.Debug|Any CPU.ActiveCfg = Debug|Any CPU
		{DE89194E-AE5C-4386-A235-53731CA37C6B}.Debug|Any CPU.Build.0 = Debug|Any CPU
		{DE89194E-AE5C-4386-A235-53731CA37C6B}.Release|Any CPU.ActiveCfg = Release|Any CPU
		{DE89194E-AE5C-4386-A235-53731CA37C6B}.Release|Any CPU.Build.0 = Release|Any CPU
	EndGlobalSection
	GlobalSection(SolutionProperties) = preSolution
		HideSolutionNode = FALSE
	EndGlobalSection
	GlobalSection(ExtensibilityGlobals) = postSolution
		SolutionGuid = {E6BC35B0-9EBC-4D85-B422-1A8FD8BED9AC}
	EndGlobalSection
EndGlobal
