
Microsoft Visual Studio Solution File, Format Version 12.00
# Visual Studio Version 16
VisualStudioVersion = 16.0.30517.126
MinimumVisualStudioVersion = 10.0.40219.1
Project("{FAE04EC0-301F-11D3-BF4B-00C04F79EFBC}") = "FileStreamfs", "FileStream\FileStreamfs.csproj", "{C400C985-A94F-40F2-9389-2F9D40F7CCAE}"
EndProject
Global
	GlobalSection(SolutionConfigurationPlatforms) = preSolution
		Debug|Any CPU = Debug|Any CPU
		Release|Any CPU = Release|Any CPU
	EndGlobalSection
	GlobalSection(ProjectConfigurationPlatforms) = postSolution
		{C400C985-A94F-40F2-9389-2F9D40F7CCAE}.Debug|Any CPU.ActiveCfg = Debug|Any CPU
		{C400C985-A94F-40F2-9389-2F9D40F7CCAE}.Debug|Any CPU.Build.0 = Debug|Any CPU
		{C400C985-A94F-40F2-9389-2F9D40F7CCAE}.Release|Any CPU.ActiveCfg = Release|Any CPU
		{C400C985-A94F-40F2-9389-2F9D40F7CCAE}.Release|Any CPU.Build.0 = Release|Any CPU
	EndGlobalSection
	GlobalSection(SolutionProperties) = preSolution
		HideSolutionNode = FALSE
	EndGlobalSection
	GlobalSection(ExtensibilityGlobals) = postSolution
		SolutionGuid = {8680CF8C-8B96-4666-983E-AFFB81EE97C9}
	EndGlobalSection
EndGlobal
