
Microsoft Visual Studio Solution File, Format Version 12.00
# Visual Studio Version 16
VisualStudioVersion = 16.0.30517.126
MinimumVisualStudioVersion = 10.0.40219.1
Project("{FAE04EC0-301F-11D3-BF4B-00C04F79EFBC}") = "DirInfo", "DirInfo\DirInfo.csproj", "{D5EA0BA9-0E53-4808-8A59-6A69A958381B}"
EndProject
Global
	GlobalSection(SolutionConfigurationPlatforms) = preSolution
		Debug|Any CPU = Debug|Any CPU
		Release|Any CPU = Release|Any CPU
	EndGlobalSection
	GlobalSection(ProjectConfigurationPlatforms) = postSolution
		{D5EA0BA9-0E53-4808-8A59-6A69A958381B}.Debug|Any CPU.ActiveCfg = Debug|Any CPU
		{D5EA0BA9-0E53-4808-8A59-6A69A958381B}.Debug|Any CPU.Build.0 = Debug|Any CPU
		{D5EA0BA9-0E53-4808-8A59-6A69A958381B}.Release|Any CPU.ActiveCfg = Release|Any CPU
		{D5EA0BA9-0E53-4808-8A59-6A69A958381B}.Release|Any CPU.Build.0 = Release|Any CPU
	EndGlobalSection
	GlobalSection(SolutionProperties) = preSolution
		HideSolutionNode = FALSE
	EndGlobalSection
	GlobalSection(ExtensibilityGlobals) = postSolution
		SolutionGuid = {99B4EFDA-57DE-4441-9E01-43BD032D0E7F}
	EndGlobalSection
EndGlobal
