
Microsoft Visual Studio Solution File, Format Version 12.00
# Visual Studio Version 16
VisualStudioVersion = 16.0.30517.126
MinimumVisualStudioVersion = 10.0.40219.1
Project("{FAE04EC0-301F-11D3-BF4B-00C04F79EFBC}") = "ExEntSaiDados", "ExEntSaiDados\ExEntSaiDados.csproj", "{0B49C199-0023-4A4B-9898-CDF66068A24C}"
EndProject
Global
	GlobalSection(SolutionConfigurationPlatforms) = preSolution
		Debug|Any CPU = Debug|Any CPU
		Release|Any CPU = Release|Any CPU
	EndGlobalSection
	GlobalSection(ProjectConfigurationPlatforms) = postSolution
		{0B49C199-0023-4A4B-9898-CDF66068A24C}.Debug|Any CPU.ActiveCfg = Debug|Any CPU
		{0B49C199-0023-4A4B-9898-CDF66068A24C}.Debug|Any CPU.Build.0 = Debug|Any CPU
		{0B49C199-0023-4A4B-9898-CDF66068A24C}.Release|Any CPU.ActiveCfg = Release|Any CPU
		{0B49C199-0023-4A4B-9898-CDF66068A24C}.Release|Any CPU.Build.0 = Release|Any CPU
	EndGlobalSection
	GlobalSection(SolutionProperties) = preSolution
		HideSolutionNode = FALSE
	EndGlobalSection
	GlobalSection(ExtensibilityGlobals) = postSolution
		SolutionGuid = {D23292A5-62B8-47EB-9FF1-9AD4382E7DA3}
	EndGlobalSection
EndGlobal
