
Microsoft Visual Studio Solution File, Format Version 12.00
# Visual Studio Version 16
VisualStudioVersion = 16.0.30517.126
MinimumVisualStudioVersion = 10.0.40219.1
Project("{FAE04EC0-301F-11D3-BF4B-00C04F79EFBC}") = "Ex05Seq", "Ex05Seq\Ex05Seq.csproj", "{5CE1CA22-0DA5-42C6-9EF9-704816B36861}"
EndProject
Global
	GlobalSection(SolutionConfigurationPlatforms) = preSolution
		Debug|Any CPU = Debug|Any CPU
		Release|Any CPU = Release|Any CPU
	EndGlobalSection
	GlobalSection(ProjectConfigurationPlatforms) = postSolution
		{5CE1CA22-0DA5-42C6-9EF9-704816B36861}.Debug|Any CPU.ActiveCfg = Debug|Any CPU
		{5CE1CA22-0DA5-42C6-9EF9-704816B36861}.Debug|Any CPU.Build.0 = Debug|Any CPU
		{5CE1CA22-0DA5-42C6-9EF9-704816B36861}.Release|Any CPU.ActiveCfg = Release|Any CPU
		{5CE1CA22-0DA5-42C6-9EF9-704816B36861}.Release|Any CPU.Build.0 = Release|Any CPU
	EndGlobalSection
	GlobalSection(SolutionProperties) = preSolution
		HideSolutionNode = FALSE
	EndGlobalSection
	GlobalSection(ExtensibilityGlobals) = postSolution
		SolutionGuid = {ADF94588-5C9C-4AB1-A34D-AC32C2E43912}
	EndGlobalSection
EndGlobal
