
Microsoft Visual Studio Solution File, Format Version 12.00
# Visual Studio Version 16
VisualStudioVersion = 16.0.30517.126
MinimumVisualStudioVersion = 10.0.40219.1
Project("{FAE04EC0-301F-11D3-BF4B-00C04F79EFBC}") = "PoliExProduct", "PoliExProduct\PoliExProduct.csproj", "{CC7C4F4C-CBE1-4966-83CC-792B3A9B280D}"
EndProject
Global
	GlobalSection(SolutionConfigurationPlatforms) = preSolution
		Debug|Any CPU = Debug|Any CPU
		Release|Any CPU = Release|Any CPU
	EndGlobalSection
	GlobalSection(ProjectConfigurationPlatforms) = postSolution
		{CC7C4F4C-CBE1-4966-83CC-792B3A9B280D}.Debug|Any CPU.ActiveCfg = Debug|Any CPU
		{CC7C4F4C-CBE1-4966-83CC-792B3A9B280D}.Debug|Any CPU.Build.0 = Debug|Any CPU
		{CC7C4F4C-CBE1-4966-83CC-792B3A9B280D}.Release|Any CPU.ActiveCfg = Release|Any CPU
		{CC7C4F4C-CBE1-4966-83CC-792B3A9B280D}.Release|Any CPU.Build.0 = Release|Any CPU
	EndGlobalSection
	GlobalSection(SolutionProperties) = preSolution
		HideSolutionNode = FALSE
	EndGlobalSection
	GlobalSection(ExtensibilityGlobals) = postSolution
		SolutionGuid = {0CA7ABE6-5352-48FE-8816-A4217ED054A2}
	EndGlobalSection
EndGlobal
