
Microsoft Visual Studio Solution File, Format Version 12.00
# Visual Studio Version 16
VisualStudioVersion = 16.0.30517.126
MinimumVisualStudioVersion = 10.0.40219.1
Project("{FAE04EC0-301F-11D3-BF4B-00C04F79EFBC}") = "ExGenerics2", "ExGenerics2\ExGenerics2.csproj", "{2AB624F2-E2A7-4A5A-8B22-5DD8E9299F00}"
EndProject
Global
	GlobalSection(SolutionConfigurationPlatforms) = preSolution
		Debug|Any CPU = Debug|Any CPU
		Release|Any CPU = Release|Any CPU
	EndGlobalSection
	GlobalSection(ProjectConfigurationPlatforms) = postSolution
		{2AB624F2-E2A7-4A5A-8B22-5DD8E9299F00}.Debug|Any CPU.ActiveCfg = Debug|Any CPU
		{2AB624F2-E2A7-4A5A-8B22-5DD8E9299F00}.Debug|Any CPU.Build.0 = Debug|Any CPU
		{2AB624F2-E2A7-4A5A-8B22-5DD8E9299F00}.Release|Any CPU.ActiveCfg = Release|Any CPU
		{2AB624F2-E2A7-4A5A-8B22-5DD8E9299F00}.Release|Any CPU.Build.0 = Release|Any CPU
	EndGlobalSection
	GlobalSection(SolutionProperties) = preSolution
		HideSolutionNode = FALSE
	EndGlobalSection
	GlobalSection(ExtensibilityGlobals) = postSolution
		SolutionGuid = {598C6960-1426-485F-AC2E-FA88C0BBA6E5}
	EndGlobalSection
EndGlobal
