
Microsoft Visual Studio Solution File, Format Version 12.00
# Visual Studio Version 16
VisualStudioVersion = 16.0.30517.126
MinimumVisualStudioVersion = 10.0.40219.1
Project("{FAE04EC0-301F-11D3-BF4B-00C04F79EFBC}") = "Matriz", "Matriz\Matriz.csproj", "{8B3E0570-75A5-44A9-B836-3CA0898CEDDE}"
EndProject
Global
	GlobalSection(SolutionConfigurationPlatforms) = preSolution
		Debug|Any CPU = Debug|Any CPU
		Release|Any CPU = Release|Any CPU
	EndGlobalSection
	GlobalSection(ProjectConfigurationPlatforms) = postSolution
		{8B3E0570-75A5-44A9-B836-3CA0898CEDDE}.Debug|Any CPU.ActiveCfg = Debug|Any CPU
		{8B3E0570-75A5-44A9-B836-3CA0898CEDDE}.Debug|Any CPU.Build.0 = Debug|Any CPU
		{8B3E0570-75A5-44A9-B836-3CA0898CEDDE}.Release|Any CPU.ActiveCfg = Release|Any CPU
		{8B3E0570-75A5-44A9-B836-3CA0898CEDDE}.Release|Any CPU.Build.0 = Release|Any CPU
	EndGlobalSection
	GlobalSection(SolutionProperties) = preSolution
		HideSolutionNode = FALSE
	EndGlobalSection
	GlobalSection(ExtensibilityGlobals) = postSolution
		SolutionGuid = {C6839BF9-3513-487C-9BC1-E358E9350819}
	EndGlobalSection
EndGlobal
