
Microsoft Visual Studio Solution File, Format Version 12.00
# Visual Studio Version 16
VisualStudioVersion = 16.0.30517.126
MinimumVisualStudioVersion = 10.0.40219.1
Project("{FAE04EC0-301F-11D3-BF4B-00C04F79EFBC}") = "EntSaiDados", "EntSaiDados\EntSaiDados.csproj", "{984A03D8-90C7-43D0-A7DF-309997FA3F06}"
EndProject
Global
	GlobalSection(SolutionConfigurationPlatforms) = preSolution
		Debug|Any CPU = Debug|Any CPU
		Release|Any CPU = Release|Any CPU
	EndGlobalSection
	GlobalSection(ProjectConfigurationPlatforms) = postSolution
		{984A03D8-90C7-43D0-A7DF-309997FA3F06}.Debug|Any CPU.ActiveCfg = Debug|Any CPU
		{984A03D8-90C7-43D0-A7DF-309997FA3F06}.Debug|Any CPU.Build.0 = Debug|Any CPU
		{984A03D8-90C7-43D0-A7DF-309997FA3F06}.Release|Any CPU.ActiveCfg = Release|Any CPU
		{984A03D8-90C7-43D0-A7DF-309997FA3F06}.Release|Any CPU.Build.0 = Release|Any CPU
	EndGlobalSection
	GlobalSection(SolutionProperties) = preSolution
		HideSolutionNode = FALSE
	EndGlobalSection
	GlobalSection(ExtensibilityGlobals) = postSolution
		SolutionGuid = {3CDD62E5-4A97-4EC2-B06A-3C042695F9D5}
	EndGlobalSection
EndGlobal
