
Microsoft Visual Studio Solution File, Format Version 12.00
# Visual Studio Version 16
VisualStudioVersion = 16.0.30517.126
MinimumVisualStudioVersion = 10.0.40219.1
Project("{FAE04EC0-301F-11D3-BF4B-00C04F79EFBC}") = "ConversorDeMoeda", "ConversorDeMoeda\ConversorDeMoeda.csproj", "{7309AAC2-0761-439A-AE76-B3DAE31E014C}"
EndProject
Global
	GlobalSection(SolutionConfigurationPlatforms) = preSolution
		Debug|Any CPU = Debug|Any CPU
		Release|Any CPU = Release|Any CPU
	EndGlobalSection
	GlobalSection(ProjectConfigurationPlatforms) = postSolution
		{7309AAC2-0761-439A-AE76-B3DAE31E014C}.Debug|Any CPU.ActiveCfg = Debug|Any CPU
		{7309AAC2-0761-439A-AE76-B3DAE31E014C}.Debug|Any CPU.Build.0 = Debug|Any CPU
		{7309AAC2-0761-439A-AE76-B3DAE31E014C}.Release|Any CPU.ActiveCfg = Release|Any CPU
		{7309AAC2-0761-439A-AE76-B3DAE31E014C}.Release|Any CPU.Build.0 = Release|Any CPU
	EndGlobalSection
	GlobalSection(SolutionProperties) = preSolution
		HideSolutionNode = FALSE
	EndGlobalSection
	GlobalSection(ExtensibilityGlobals) = postSolution
		SolutionGuid = {D79432B7-CB75-4723-9999-D5073DECE418}
	EndGlobalSection
EndGlobal
