
Microsoft Visual Studio Solution File, Format Version 12.00
# Visual Studio Version 16
VisualStudioVersion = 16.0.30517.126
MinimumVisualStudioVersion = 10.0.40219.1
Project("{FAE04EC0-301F-11D3-BF4B-00C04F79EFBC}") = "ExDados01", "ExDados01\ExDados01.csproj", "{8B276ECC-257C-450F-A725-5A0981C6F212}"
EndProject
Global
	GlobalSection(SolutionConfigurationPlatforms) = preSolution
		Debug|Any CPU = Debug|Any CPU
		Release|Any CPU = Release|Any CPU
	EndGlobalSection
	GlobalSection(ProjectConfigurationPlatforms) = postSolution
		{8B276ECC-257C-450F-A725-5A0981C6F212}.Debug|Any CPU.ActiveCfg = Debug|Any CPU
		{8B276ECC-257C-450F-A725-5A0981C6F212}.Debug|Any CPU.Build.0 = Debug|Any CPU
		{8B276ECC-257C-450F-A725-5A0981C6F212}.Release|Any CPU.ActiveCfg = Release|Any CPU
		{8B276ECC-257C-450F-A725-5A0981C6F212}.Release|Any CPU.Build.0 = Release|Any CPU
	EndGlobalSection
	GlobalSection(SolutionProperties) = preSolution
		HideSolutionNode = FALSE
	EndGlobalSection
	GlobalSection(ExtensibilityGlobals) = postSolution
		SolutionGuid = {3B7585E3-25AE-4BE0-92D6-8EF4D08F40E4}
	EndGlobalSection
EndGlobal
