
Microsoft Visual Studio Solution File, Format Version 12.00
# Visual Studio Version 16
VisualStudioVersion = 16.0.30517.126
MinimumVisualStudioVersion = 10.0.40219.1
Project("{FAE04EC0-301F-11D3-BF4B-00C04F79EFBC}") = "OperadoresAritmeticos", "OperadoresAritmeticos\OperadoresAritmeticos.csproj", "{0E5943F6-B4CD-4586-8FC1-17490F9E6892}"
EndProject
Global
	GlobalSection(SolutionConfigurationPlatforms) = preSolution
		Debug|Any CPU = Debug|Any CPU
		Release|Any CPU = Release|Any CPU
	EndGlobalSection
	GlobalSection(ProjectConfigurationPlatforms) = postSolution
		{0E5943F6-B4CD-4586-8FC1-17490F9E6892}.Debug|Any CPU.ActiveCfg = Debug|Any CPU
		{0E5943F6-B4CD-4586-8FC1-17490F9E6892}.Debug|Any CPU.Build.0 = Debug|Any CPU
		{0E5943F6-B4CD-4586-8FC1-17490F9E6892}.Release|Any CPU.ActiveCfg = Release|Any CPU
		{0E5943F6-B4CD-4586-8FC1-17490F9E6892}.Release|Any CPU.Build.0 = Release|Any CPU
	EndGlobalSection
	GlobalSection(SolutionProperties) = preSolution
		HideSolutionNode = FALSE
	EndGlobalSection
	GlobalSection(ExtensibilityGlobals) = postSolution
		SolutionGuid = {1B95315A-5073-4E03-B598-57C838A15988}
	EndGlobalSection
EndGlobal
