
Microsoft Visual Studio Solution File, Format Version 12.00
# Visual Studio Version 16
VisualStudioVersion = 16.0.30517.126
MinimumVisualStudioVersion = 10.0.40219.1
Project("{FAE04EC0-301F-11D3-BF4B-00C04F79EFBC}") = "ExAnimais", "ExAnimais\ExAnimais.csproj", "{EE1D7B65-DFA2-4FC7-9343-076233D898CF}"
EndProject
Global
	GlobalSection(SolutionConfigurationPlatforms) = preSolution
		Debug|Any CPU = Debug|Any CPU
		Release|Any CPU = Release|Any CPU
	EndGlobalSection
	GlobalSection(ProjectConfigurationPlatforms) = postSolution
		{EE1D7B65-DFA2-4FC7-9343-076233D898CF}.Debug|Any CPU.ActiveCfg = Debug|Any CPU
		{EE1D7B65-DFA2-4FC7-9343-076233D898CF}.Debug|Any CPU.Build.0 = Debug|Any CPU
		{EE1D7B65-DFA2-4FC7-9343-076233D898CF}.Release|Any CPU.ActiveCfg = Release|Any CPU
		{EE1D7B65-DFA2-4FC7-9343-076233D898CF}.Release|Any CPU.Build.0 = Release|Any CPU
	EndGlobalSection
	GlobalSection(SolutionProperties) = preSolution
		HideSolutionNode = FALSE
	EndGlobalSection
	GlobalSection(ExtensibilityGlobals) = postSolution
		SolutionGuid = {C10F9390-39FE-4523-B16E-701B88BB53ED}
	EndGlobalSection
EndGlobal
