
Microsoft Visual Studio Solution File, Format Version 12.00
# Visual Studio Version 16
VisualStudioVersion = 16.0.30517.126
MinimumVisualStudioVersion = 10.0.40219.1
Project("{FAE04EC0-301F-11D3-BF4B-00C04F79EFBC}") = "ExClassSalario", "ExClassSalario\ExClassSalario.csproj", "{985C3CEC-F4C6-4F28-B78F-6C7E9993B265}"
EndProject
Global
	GlobalSection(SolutionConfigurationPlatforms) = preSolution
		Debug|Any CPU = Debug|Any CPU
		Release|Any CPU = Release|Any CPU
	EndGlobalSection
	GlobalSection(ProjectConfigurationPlatforms) = postSolution
		{985C3CEC-F4C6-4F28-B78F-6C7E9993B265}.Debug|Any CPU.ActiveCfg = Debug|Any CPU
		{985C3CEC-F4C6-4F28-B78F-6C7E9993B265}.Debug|Any CPU.Build.0 = Debug|Any CPU
		{985C3CEC-F4C6-4F28-B78F-6C7E9993B265}.Release|Any CPU.ActiveCfg = Release|Any CPU
		{985C3CEC-F4C6-4F28-B78F-6C7E9993B265}.Release|Any CPU.Build.0 = Release|Any CPU
	EndGlobalSection
	GlobalSection(SolutionProperties) = preSolution
		HideSolutionNode = FALSE
	EndGlobalSection
	GlobalSection(ExtensibilityGlobals) = postSolution
		SolutionGuid = {67C38220-FE40-4C4F-9AE5-AA8A779157FA}
	EndGlobalSection
EndGlobal
