
Microsoft Visual Studio Solution File, Format Version 12.00
# Visual Studio Version 16
VisualStudioVersion = 16.0.30517.126
MinimumVisualStudioVersion = 10.0.40219.1
Project("{FAE04EC0-301F-11D3-BF4B-00C04F79EFBC}") = "TiposDeDados", "TiposDeDados\TiposDeDados.csproj", "{8A720EA2-1577-466F-B265-7A6727041B3A}"
EndProject
Global
	GlobalSection(SolutionConfigurationPlatforms) = preSolution
		Debug|Any CPU = Debug|Any CPU
		Release|Any CPU = Release|Any CPU
	EndGlobalSection
	GlobalSection(ProjectConfigurationPlatforms) = postSolution
		{8A720EA2-1577-466F-B265-7A6727041B3A}.Debug|Any CPU.ActiveCfg = Debug|Any CPU
		{8A720EA2-1577-466F-B265-7A6727041B3A}.Debug|Any CPU.Build.0 = Debug|Any CPU
		{8A720EA2-1577-466F-B265-7A6727041B3A}.Release|Any CPU.ActiveCfg = Release|Any CPU
		{8A720EA2-1577-466F-B265-7A6727041B3A}.Release|Any CPU.Build.0 = Release|Any CPU
	EndGlobalSection
	GlobalSection(SolutionProperties) = preSolution
		HideSolutionNode = FALSE
	EndGlobalSection
	GlobalSection(ExtensibilityGlobals) = postSolution
		SolutionGuid = {B643FAC4-510C-44A2-9B24-D5BA3D487AB7}
	EndGlobalSection
EndGlobal
