
Microsoft Visual Studio Solution File, Format Version 12.00
# Visual Studio Version 16
VisualStudioVersion = 16.0.30517.126
MinimumVisualStudioVersion = 10.0.40219.1
Project("{FAE04EC0-301F-11D3-BF4B-00C04F79EFBC}") = "ExConstIdade", "ExConstIdade\ExConstIdade.csproj", "{90FF6337-CDD3-490F-AE55-AD0A4F8B3BE8}"
EndProject
Global
	GlobalSection(SolutionConfigurationPlatforms) = preSolution
		Debug|Any CPU = Debug|Any CPU
		Release|Any CPU = Release|Any CPU
	EndGlobalSection
	GlobalSection(ProjectConfigurationPlatforms) = postSolution
		{90FF6337-CDD3-490F-AE55-AD0A4F8B3BE8}.Debug|Any CPU.ActiveCfg = Debug|Any CPU
		{90FF6337-CDD3-490F-AE55-AD0A4F8B3BE8}.Debug|Any CPU.Build.0 = Debug|Any CPU
		{90FF6337-CDD3-490F-AE55-AD0A4F8B3BE8}.Release|Any CPU.ActiveCfg = Release|Any CPU
		{90FF6337-CDD3-490F-AE55-AD0A4F8B3BE8}.Release|Any CPU.Build.0 = Release|Any CPU
	EndGlobalSection
	GlobalSection(SolutionProperties) = preSolution
		HideSolutionNode = FALSE
	EndGlobalSection
	GlobalSection(ExtensibilityGlobals) = postSolution
		SolutionGuid = {3EC0A20F-604B-4351-AD88-D9769323EF61}
	EndGlobalSection
EndGlobal
