
Microsoft Visual Studio Solution File, Format Version 12.00
# Visual Studio Version 16
VisualStudioVersion = 16.0.30517.126
MinimumVisualStudioVersion = 10.0.40219.1
Project("{FAE04EC0-301F-11D3-BF4B-00C04F79EFBC}") = "NewEncaps", "NewEncaps\NewEncaps.csproj", "{69ADF7BE-77CB-4B49-8FB8-E5B18CA3B918}"
EndProject
Global
	GlobalSection(SolutionConfigurationPlatforms) = preSolution
		Debug|Any CPU = Debug|Any CPU
		Release|Any CPU = Release|Any CPU
	EndGlobalSection
	GlobalSection(ProjectConfigurationPlatforms) = postSolution
		{69ADF7BE-77CB-4B49-8FB8-E5B18CA3B918}.Debug|Any CPU.ActiveCfg = Debug|Any CPU
		{69ADF7BE-77CB-4B49-8FB8-E5B18CA3B918}.Debug|Any CPU.Build.0 = Debug|Any CPU
		{69ADF7BE-77CB-4B49-8FB8-E5B18CA3B918}.Release|Any CPU.ActiveCfg = Release|Any CPU
		{69ADF7BE-77CB-4B49-8FB8-E5B18CA3B918}.Release|Any CPU.Build.0 = Release|Any CPU
	EndGlobalSection
	GlobalSection(SolutionProperties) = preSolution
		HideSolutionNode = FALSE
	EndGlobalSection
	GlobalSection(ExtensibilityGlobals) = postSolution
		SolutionGuid = {F9B0F533-C8D2-4683-AFCE-C2E45B989064}
	EndGlobalSection
EndGlobal
