
Microsoft Visual Studio Solution File, Format Version 12.00
# Visual Studio Version 16
VisualStudioVersion = 16.0.30517.126
MinimumVisualStudioVersion = 10.0.40219.1
Project("{FAE04EC0-301F-11D3-BF4B-00C04F79EFBC}") = "UsingBlock", "UsingBlock\UsingBlock.csproj", "{36B2EEF0-9022-47BA-AAE9-A960884802E7}"
EndProject
Global
	GlobalSection(SolutionConfigurationPlatforms) = preSolution
		Debug|Any CPU = Debug|Any CPU
		Release|Any CPU = Release|Any CPU
	EndGlobalSection
	GlobalSection(ProjectConfigurationPlatforms) = postSolution
		{36B2EEF0-9022-47BA-AAE9-A960884802E7}.Debug|Any CPU.ActiveCfg = Debug|Any CPU
		{36B2EEF0-9022-47BA-AAE9-A960884802E7}.Debug|Any CPU.Build.0 = Debug|Any CPU
		{36B2EEF0-9022-47BA-AAE9-A960884802E7}.Release|Any CPU.ActiveCfg = Release|Any CPU
		{36B2EEF0-9022-47BA-AAE9-A960884802E7}.Release|Any CPU.Build.0 = Release|Any CPU
	EndGlobalSection
	GlobalSection(SolutionProperties) = preSolution
		HideSolutionNode = FALSE
	EndGlobalSection
	GlobalSection(ExtensibilityGlobals) = postSolution
		SolutionGuid = {3E8CE429-4E88-44BD-B0B3-C086F0B2BC8B}
	EndGlobalSection
EndGlobal
