
Microsoft Visual Studio Solution File, Format Version 12.00
# Visual Studio Version 16
VisualStudioVersion = 16.0.30517.126
MinimumVisualStudioVersion = 10.0.40219.1
Project("{FAE04EC0-301F-11D3-BF4B-00C04F79EFBC}") = "AgoraVaiESSAMERDA", "AgoraVaiESSAMERDA\AgoraVaiESSAMERDA.csproj", "{D02B02DA-C34E-4185-9FEC-A7F0F29CCEF0}"
EndProject
Global
	GlobalSection(SolutionConfigurationPlatforms) = preSolution
		Debug|Any CPU = Debug|Any CPU
		Release|Any CPU = Release|Any CPU
	EndGlobalSection
	GlobalSection(ProjectConfigurationPlatforms) = postSolution
		{D02B02DA-C34E-4185-9FEC-A7F0F29CCEF0}.Debug|Any CPU.ActiveCfg = Debug|Any CPU
		{D02B02DA-C34E-4185-9FEC-A7F0F29CCEF0}.Debug|Any CPU.Build.0 = Debug|Any CPU
		{D02B02DA-C34E-4185-9FEC-A7F0F29CCEF0}.Release|Any CPU.ActiveCfg = Release|Any CPU
		{D02B02DA-C34E-4185-9FEC-A7F0F29CCEF0}.Release|Any CPU.Build.0 = Release|Any CPU
	EndGlobalSection
	GlobalSection(SolutionProperties) = preSolution
		HideSolutionNode = FALSE
	EndGlobalSection
	GlobalSection(ExtensibilityGlobals) = postSolution
		SolutionGuid = {1868ED07-436B-4436-8A72-D5B336F879AF}
	EndGlobalSection
EndGlobal
