
Microsoft Visual Studio Solution File, Format Version 12.00
# Visual Studio Version 16
VisualStudioVersion = 16.0.30517.126
MinimumVisualStudioVersion = 10.0.40219.1
Project("{FAE04EC0-301F-11D3-BF4B-00C04F79EFBC}") = "ModificadorParams", "ModificadorParams\ModificadorParams.csproj", "{DBCCF417-7005-4896-A0BA-9E4899DCE0AF}"
EndProject
Global
	GlobalSection(SolutionConfigurationPlatforms) = preSolution
		Debug|Any CPU = Debug|Any CPU
		Release|Any CPU = Release|Any CPU
	EndGlobalSection
	GlobalSection(ProjectConfigurationPlatforms) = postSolution
		{DBCCF417-7005-4896-A0BA-9E4899DCE0AF}.Debug|Any CPU.ActiveCfg = Debug|Any CPU
		{DBCCF417-7005-4896-A0BA-9E4899DCE0AF}.Debug|Any CPU.Build.0 = Debug|Any CPU
		{DBCCF417-7005-4896-A0BA-9E4899DCE0AF}.Release|Any CPU.ActiveCfg = Release|Any CPU
		{DBCCF417-7005-4896-A0BA-9E4899DCE0AF}.Release|Any CPU.Build.0 = Release|Any CPU
	EndGlobalSection
	GlobalSection(SolutionProperties) = preSolution
		HideSolutionNode = FALSE
	EndGlobalSection
	GlobalSection(ExtensibilityGlobals) = postSolution
		SolutionGuid = {70245D4B-9FA1-485A-A99D-C9112E7E452E}
	EndGlobalSection
EndGlobal
