
Microsoft Visual Studio Solution File, Format Version 12.00
# Visual Studio Version 16
VisualStudioVersion = 16.0.30517.126
MinimumVisualStudioVersion = 10.0.40219.1
Project("{FAE04EC0-301F-11D3-BF4B-00C04F79EFBC}") = "Jogo-de-Xadrez", "Jogo-de-Xadrez\Jogo-de-Xadrez.csproj", "{4CD30CE8-7D32-4A94-A2A5-A25AEEDACC54}"
EndProject
Global
	GlobalSection(SolutionConfigurationPlatforms) = preSolution
		Debug|Any CPU = Debug|Any CPU
		Release|Any CPU = Release|Any CPU
	EndGlobalSection
	GlobalSection(ProjectConfigurationPlatforms) = postSolution
		{4CD30CE8-7D32-4A94-A2A5-A25AEEDACC54}.Debug|Any CPU.ActiveCfg = Debug|Any CPU
		{4CD30CE8-7D32-4A94-A2A5-A25AEEDACC54}.Debug|Any CPU.Build.0 = Debug|Any CPU
		{4CD30CE8-7D32-4A94-A2A5-A25AEEDACC54}.Release|Any CPU.ActiveCfg = Release|Any CPU
		{4CD30CE8-7D32-4A94-A2A5-A25AEEDACC54}.Release|Any CPU.Build.0 = Release|Any CPU
	EndGlobalSection
	GlobalSection(SolutionProperties) = preSolution
		HideSolutionNode = FALSE
	EndGlobalSection
	GlobalSection(ExtensibilityGlobals) = postSolution
		SolutionGuid = {1F1E01FF-F886-4C35-AC5E-D8A06A9C3313}
	EndGlobalSection
EndGlobal
