
Microsoft Visual Studio Solution File, Format Version 12.00
# Visual Studio Version 16
VisualStudioVersion = 16.0.30517.126
MinimumVisualStudioVersion = 10.0.40219.1
Project("{FAE04EC0-301F-11D3-BF4B-00C04F79EFBC}") = "ExHerancaPolimorfismo", "ExHerancaPolimorfismo\ExHerancaPolimorfismo.csproj", "{829FFB68-60A9-446B-AEB8-283D9D027C52}"
EndProject
Global
	GlobalSection(SolutionConfigurationPlatforms) = preSolution
		Debug|Any CPU = Debug|Any CPU
		Release|Any CPU = Release|Any CPU
	EndGlobalSection
	GlobalSection(ProjectConfigurationPlatforms) = postSolution
		{829FFB68-60A9-446B-AEB8-283D9D027C52}.Debug|Any CPU.ActiveCfg = Debug|Any CPU
		{829FFB68-60A9-446B-AEB8-283D9D027C52}.Debug|Any CPU.Build.0 = Debug|Any CPU
		{829FFB68-60A9-446B-AEB8-283D9D027C52}.Release|Any CPU.ActiveCfg = Release|Any CPU
		{829FFB68-60A9-446B-AEB8-283D9D027C52}.Release|Any CPU.Build.0 = Release|Any CPU
	EndGlobalSection
	GlobalSection(SolutionProperties) = preSolution
		HideSolutionNode = FALSE
	EndGlobalSection
	GlobalSection(ExtensibilityGlobals) = postSolution
		SolutionGuid = {7384A089-B2A9-416C-9D2E-D1387F037788}
	EndGlobalSection
EndGlobal
